
Microsoft Visual Studio Solution File, Format Version 12.00
# Visual Studio 15
VisualStudioVersion = 15.0.26730.16
MinimumVisualStudioVersion = 10.0.40219.1
Project("{FAE04EC0-301F-11D3-BF4B-00C04F79EFBC}") = "MixMedia.CodeGuard", "MixMedia.CodeGuard\MixMedia.CodeGuard\MixMedia.CodeGuard.csproj", "{A6D5A86A-723D-44C8-A91B-941FF52FEE87}"
EndProject
Project("{FAE04EC0-301F-11D3-BF4B-00C04F79EFBC}") = "MixMedia.CodeGuard.Test", "MixMedia.CodeGuard\MixMedia.CodeGuard.Test\MixMedia.CodeGuard.Test.csproj", "{B47CC4F4-2BA3-4A5B-97EA-3F62066AACF7}"
EndProject
Project("{FAE04EC0-301F-11D3-BF4B-00C04F79EFBC}") = "MixMedia.CodeGuard.Vsix", "MixMedia.CodeGuard\MixMedia.CodeGuard.Vsix\MixMedia.CodeGuard.Vsix.csproj", "{EFF072DB-9412-4513-8045-AE8780792C2A}"
EndProject
Global
	GlobalSection(SolutionConfigurationPlatforms) = preSolution
		Debug|Any CPU = Debug|Any CPU
		Release|Any CPU = Release|Any CPU
	EndGlobalSection
	GlobalSection(ProjectConfigurationPlatforms) = postSolution
		{A6D5A86A-723D-44C8-A91B-941FF52FEE87}.Debug|Any CPU.ActiveCfg = Debug|Any CPU
		{A6D5A86A-723D-44C8-A91B-941FF52FEE87}.Debug|Any CPU.Build.0 = Debug|Any CPU
		{A6D5A86A-723D-44C8-A91B-941FF52FEE87}.Release|Any CPU.ActiveCfg = Release|Any CPU
		{A6D5A86A-723D-44C8-A91B-941FF52FEE87}.Release|Any CPU.Build.0 = Release|Any CPU
		{B47CC4F4-2BA3-4A5B-97EA-3F62066AACF7}.Debug|Any CPU.ActiveCfg = Debug|Any CPU
		{B47CC4F4-2BA3-4A5B-97EA-3F62066AACF7}.Debug|Any CPU.Build.0 = Debug|Any CPU
		{B47CC4F4-2BA3-4A5B-97EA-3F62066AACF7}.Release|Any CPU.ActiveCfg = Release|Any CPU
		{B47CC4F4-2BA3-4A5B-97EA-3F62066AACF7}.Release|Any CPU.Build.0 = Release|Any CPU
		{EFF072DB-9412-4513-8045-AE8780792C2A}.Debug|Any CPU.ActiveCfg = Debug|Any CPU
		{EFF072DB-9412-4513-8045-AE8780792C2A}.Debug|Any CPU.Build.0 = Debug|Any CPU
		{EFF072DB-9412-4513-8045-AE8780792C2A}.Release|Any CPU.ActiveCfg = Release|Any CPU
		{EFF072DB-9412-4513-8045-AE8780792C2A}.Release|Any CPU.Build.0 = Release|Any CPU
	EndGlobalSection
	GlobalSection(SolutionProperties) = preSolution
		HideSolutionNode = FALSE
	EndGlobalSection
	GlobalSection(ExtensibilityGlobals) = postSolution
		SolutionGuid = {545E44C2-3967-4356-8A6D-BC49136A6F67}
	EndGlobalSection
EndGlobal
